
Microsoft Visual Studio Solution File, Format Version 12.00
# Visual Studio 15
VisualStudioVersion = 15.0.26124.0
MinimumVisualStudioVersion = 15.0.26124.0
Project("{FAE04EC0-301F-11D3-BF4B-00C04F79EFBC}") = "GameTOP", "GameTOP\GameTOP.csproj", "{A9484C8D-BB0B-4D4B-9703-505D8BBD1E71}"
EndProject
Project("{FAE04EC0-301F-11D3-BF4B-00C04F79EFBC}") = "GameTOP.Lib", "GameTOP.Lib\GameTOP.Lib.csproj", "{DAA06AC7-FEB1-43FC-8528-A9B1DF8E8E98}"
EndProject
Project("{FAE04EC0-301F-11D3-BF4B-00C04F79EFBC}") = "GameTOP.Interface", "GameTOP.Interface\GameTOP.Interface.csproj", "{B71E2EBD-8455-4092-8219-C50D6B8B3BB0}"
EndProject
Global
	GlobalSection(SolutionConfigurationPlatforms) = preSolution
		Debug|Any CPU = Debug|Any CPU
		Debug|x64 = Debug|x64
		Debug|x86 = Debug|x86
		Release|Any CPU = Release|Any CPU
		Release|x64 = Release|x64
		Release|x86 = Release|x86
	EndGlobalSection
	GlobalSection(SolutionProperties) = preSolution
		HideSolutionNode = FALSE
	EndGlobalSection
	GlobalSection(ProjectConfigurationPlatforms) = postSolution
		{A9484C8D-BB0B-4D4B-9703-505D8BBD1E71}.Debug|Any CPU.ActiveCfg = Debug|Any CPU
		{A9484C8D-BB0B-4D4B-9703-505D8BBD1E71}.Debug|Any CPU.Build.0 = Debug|Any CPU
		{A9484C8D-BB0B-4D4B-9703-505D8BBD1E71}.Debug|x64.ActiveCfg = Debug|Any CPU
		{A9484C8D-BB0B-4D4B-9703-505D8BBD1E71}.Debug|x64.Build.0 = Debug|Any CPU
		{A9484C8D-BB0B-4D4B-9703-505D8BBD1E71}.Debug|x86.ActiveCfg = Debug|Any CPU
		{A9484C8D-BB0B-4D4B-9703-505D8BBD1E71}.Debug|x86.Build.0 = Debug|Any CPU
		{A9484C8D-BB0B-4D4B-9703-505D8BBD1E71}.Release|Any CPU.ActiveCfg = Release|Any CPU
		{A9484C8D-BB0B-4D4B-9703-505D8BBD1E71}.Release|Any CPU.Build.0 = Release|Any CPU
		{A9484C8D-BB0B-4D4B-9703-505D8BBD1E71}.Release|x64.ActiveCfg = Release|Any CPU
		{A9484C8D-BB0B-4D4B-9703-505D8BBD1E71}.Release|x64.Build.0 = Release|Any CPU
		{A9484C8D-BB0B-4D4B-9703-505D8BBD1E71}.Release|x86.ActiveCfg = Release|Any CPU
		{A9484C8D-BB0B-4D4B-9703-505D8BBD1E71}.Release|x86.Build.0 = Release|Any CPU
		{DAA06AC7-FEB1-43FC-8528-A9B1DF8E8E98}.Debug|Any CPU.ActiveCfg = Debug|Any CPU
		{DAA06AC7-FEB1-43FC-8528-A9B1DF8E8E98}.Debug|Any CPU.Build.0 = Debug|Any CPU
		{DAA06AC7-FEB1-43FC-8528-A9B1DF8E8E98}.Debug|x64.ActiveCfg = Debug|Any CPU
		{DAA06AC7-FEB1-43FC-8528-A9B1DF8E8E98}.Debug|x64.Build.0 = Debug|Any CPU
		{DAA06AC7-FEB1-43FC-8528-A9B1DF8E8E98}.Debug|x86.ActiveCfg = Debug|Any CPU
		{DAA06AC7-FEB1-43FC-8528-A9B1DF8E8E98}.Debug|x86.Build.0 = Debug|Any CPU
		{DAA06AC7-FEB1-43FC-8528-A9B1DF8E8E98}.Release|Any CPU.ActiveCfg = Release|Any CPU
		{DAA06AC7-FEB1-43FC-8528-A9B1DF8E8E98}.Release|Any CPU.Build.0 = Release|Any CPU
		{DAA06AC7-FEB1-43FC-8528-A9B1DF8E8E98}.Release|x64.ActiveCfg = Release|Any CPU
		{DAA06AC7-FEB1-43FC-8528-A9B1DF8E8E98}.Release|x64.Build.0 = Release|Any CPU
		{DAA06AC7-FEB1-43FC-8528-A9B1DF8E8E98}.Release|x86.ActiveCfg = Release|Any CPU
		{DAA06AC7-FEB1-43FC-8528-A9B1DF8E8E98}.Release|x86.Build.0 = Release|Any CPU
		{B71E2EBD-8455-4092-8219-C50D6B8B3BB0}.Debug|Any CPU.ActiveCfg = Debug|Any CPU
		{B71E2EBD-8455-4092-8219-C50D6B8B3BB0}.Debug|Any CPU.Build.0 = Debug|Any CPU
		{B71E2EBD-8455-4092-8219-C50D6B8B3BB0}.Debug|x64.ActiveCfg = Debug|Any CPU
		{B71E2EBD-8455-4092-8219-C50D6B8B3BB0}.Debug|x64.Build.0 = Debug|Any CPU
		{B71E2EBD-8455-4092-8219-C50D6B8B3BB0}.Debug|x86.ActiveCfg = Debug|Any CPU
		{B71E2EBD-8455-4092-8219-C50D6B8B3BB0}.Debug|x86.Build.0 = Debug|Any CPU
		{B71E2EBD-8455-4092-8219-C50D6B8B3BB0}.Release|Any CPU.ActiveCfg = Release|Any CPU
		{B71E2EBD-8455-4092-8219-C50D6B8B3BB0}.Release|Any CPU.Build.0 = Release|Any CPU
		{B71E2EBD-8455-4092-8219-C50D6B8B3BB0}.Release|x64.ActiveCfg = Release|Any CPU
		{B71E2EBD-8455-4092-8219-C50D6B8B3BB0}.Release|x64.Build.0 = Release|Any CPU
		{B71E2EBD-8455-4092-8219-C50D6B8B3BB0}.Release|x86.ActiveCfg = Release|Any CPU
		{B71E2EBD-8455-4092-8219-C50D6B8B3BB0}.Release|x86.Build.0 = Release|Any CPU
	EndGlobalSection
EndGlobal
